{
  "name": "pikabot",
  "version": "0.0.1",
  "lockfileVersion": 2,
  "requires": true,
  "packages": {
    "": {
      "name": "pikabot",
      "version": "0.0.1",
      "dependencies": {
        "@discordjs/voice": "0.19.2",
        "better-sqlite3": "13.0.2",
        "discord.js": "14.27.0"
      },
      "engines": {
        "node": ">=22.12.0"
      }
    },
    "node_modules/@discordjs/builders": {
      "version": "1.14.1",
      "resolved": "https://registry.npmjs.org/@discordjs/builders/-/builders-1.14.1.tgz",
      "integrity": "sha512-gSKkhXLqs96TCzk66VZuHHl8z2bQMJFGwrXC0f33ngK+FLNau4hU1PYny3DNJfNdSH+gVMzE85/d5FQ2BpcNwQ==",
      "dependencies": {
        "@discordjs/formatters": "^0.6.2",
        "@discordjs/util": "^1.2.0",
        "@sapphire/shapeshift": "^4.0.0",
        "discord-api-types": "^0.38.40",
        "fast-deep-equal": "^3.1.3",
        "ts-mixer": "^6.0.4",
        "tslib": "^2.6.3"
      },
      "engines": {
        "node": ">=16.11.0"
      },
      "funding": {
        "url": "https://github.com/discordjs/discord.js?sponsor"
      }
    },
    "node_modules/@discordjs/collection": {
      "version": "1.5.3",
      "resolved": "https://registry.npmjs.org/@discordjs/collection/-/collection-1.5.3.tgz",
      "integrity": "sha512-SVb428OMd3WO1paV3rm6tSjM4wC+Kecaa1EUGX7vc6/fddvw/6lg90z4QtCqm21zvVe92vMMDt9+DkIvjXImQQ==",
      "license": "Apache-2.0",
      "engines": {
        "node": ">=16.11.0"
      }
    },
    "node_modules/@discordjs/formatters": {
      "version": "0.6.2",
      "resolved": "https://registry.npmjs.org/@discordjs/formatters/-/formatters-0.6.2.tgz",
      "integrity": "sha512-y4UPwWhH6vChKRkGdMB4odasUbHOUwy7KL+OVwF86PvT6QVOwElx+TiI1/6kcmcEe+g5YRXJFiXSXUdabqZOvQ==",
      "dependencies": {
        "discord-api-types": "^0.38.33"
      },
      "engines": {
        "node": ">=16.11.0"
      },
      "funding": {
        "url": "https://github.com/discordjs/discord.js?sponsor"
      }
    },
    "node_modules/@discordjs/rest": {
      "version": "2.6.2",
      "resolved": "https://registry.npmjs.org/@discordjs/rest/-/rest-2.6.2.tgz",
      "integrity": "sha512-c5HI3hJuRWWrnpyCZAUYfIUTAEv9weX4tE2UfDqtM3ztizdKE9RFEf3G5IWhPyO+kPldUDpGv02XJAQzdUTC9Q==",
      "dependencies": {
        "@discordjs/collection": "^2.1.1",
        "@discordjs/util": "^1.2.0",
        "@sapphire/async-queue": "^1.5.3",
        "@sapphire/snowflake": "^3.5.5",
        "@vladfrangu/async_event_emitter": "^2.4.6",
        "discord-api-types": "^0.38.49",
        "magic-bytes.js": "^1.13.0",
        "tslib": "^2.6.3",
        "undici": "^6.27.0"
      },
      "engines": {
        "node": ">=18"
      },
      "funding": {
        "url": "https://github.com/discordjs/discord.js?sponsor"
      }
    },
    "node_modules/@discordjs/rest/node_modules/@discordjs/collection": {
      "version": "2.1.1",
      "resolved": "https://registry.npmjs.org/@discordjs/collection/-/collection-2.1.1.tgz",
      "integrity": "sha512-LiSusze9Tc7qF03sLCujF5iZp7K+vRNEDBZ86FT9aQAv3vxMLihUvKvpsCWiQ2DJq1tVckopKm1rxomgNUc9hg==",
      "license": "Apache-2.0",
      "engines": {
        "node": ">=18"
      },
      "funding": {
        "url": "https://github.com/discordjs/discord.js?sponsor"
      }
    },
    "node_modules/@discordjs/util": {
      "version": "1.2.0",
      "resolved": "https://registry.npmjs.org/@discordjs/util/-/util-1.2.0.tgz",
      "integrity": "sha512-3LKP7F2+atl9vJFhaBjn4nOaSWahZ/yWjOvA4e5pnXkt2qyXRCHLxoBQy81GFtLGCq7K9lPm9R517M1U+/90Qg==",
      "dependencies": {
        "discord-api-types": "^0.38.33"
      },
      "engines": {
        "node": ">=18"
      },
      "funding": {
        "url": "https://github.com/discordjs/discord.js?sponsor"
      }
    },
    "node_modules/@discordjs/voice": {
      "version": "0.19.2",
      "resolved": "https://registry.npmjs.org/@discordjs/voice/-/voice-0.19.2.tgz",
      "integrity": "sha512-3yJ255e4ag3wfZu/DSxeOZK1UtnqNxnspmLaQetGT0pDkThNZoHs+Zg6dgZZ19JEVomXygvfHn9lNpICZuYtEA==",
      "dependencies": {
        "@snazzah/davey": "^0.1.9",
        "@types/ws": "^8.18.1",
        "discord-api-types": "^0.38.41",
        "prism-media": "^1.3.5",
        "tslib": "^2.8.1",
        "ws": "^8.19.0"
      },
      "engines": {
        "node": ">=22.12.0"
      },
      "funding": {
        "url": "https://github.com/discordjs/discord.js?sponsor"
      }
    },
    "node_modules/@discordjs/ws": {
      "version": "1.2.3",
      "resolved": "https://registry.npmjs.org/@discordjs/ws/-/ws-1.2.3.tgz",
      "integrity": "sha512-wPlQDxEmlDg5IxhJPuxXr3Vy9AjYq5xCvFWGJyD7w7Np8ZGu+Mc+97LCoEc/+AYCo2IDpKioiH0/c/mj5ZR9Uw==",
      "license": "Apache-2.0",
      "dependencies": {
        "@discordjs/collection": "^2.1.0",
        "@discordjs/rest": "^2.5.1",
        "@discordjs/util": "^1.1.0",
        "@sapphire/async-queue": "^1.5.2",
        "@types/ws": "^8.5.10",
        "@vladfrangu/async_event_emitter": "^2.2.4",
        "discord-api-types": "^0.38.1",
        "tslib": "^2.6.2",
        "ws": "^8.17.0"
      },
      "engines": {
        "node": ">=16.11.0"
      },
      "funding": {
        "url": "https://github.com/discordjs/discord.js?sponsor"
      }
    },
    "node_modules/@discordjs/ws/node_modules/@discordjs/collection": {
      "version": "2.1.1",
      "resolved": "https://registry.npmjs.org/@discordjs/collection/-/collection-2.1.1.tgz",
      "integrity": "sha512-LiSusze9Tc7qF03sLCujF5iZp7K+vRNEDBZ86FT9aQAv3vxMLihUvKvpsCWiQ2DJq1tVckopKm1rxomgNUc9hg==",
      "license": "Apache-2.0",
      "engines": {
        "node": ">=18"
      },
      "funding": {
        "url": "https://github.com/discordjs/discord.js?sponsor"
      }
    },
    "node_modules/@emnapi/core": {
      "version": "1.8.1",
      "resolved": "https://registry.npmjs.org/@emnapi/core/-/core-1.8.1.tgz",
      "integrity": "sha512-AvT9QFpxK0Zd8J0jopedNm+w/2fIzvtPKPjqyw9jwvBaReTTqPBk9Hixaz7KbjimP+QNz605/XnjFcDAL2pqBg==",
      "optional": true,
      "dependencies": {
        "@emnapi/wasi-threads": "1.1.0",
        "tslib": "^2.4.0"
      }
    },
    "node_modules/@emnapi/runtime": {
      "version": "1.8.1",
      "resolved": "https://registry.npmjs.org/@emnapi/runtime/-/runtime-1.8.1.tgz",
      "integrity": "sha512-mehfKSMWjjNol8659Z8KxEMrdSJDDot5SXMq00dM8BN4o+CLNXQ0xH2V7EchNHV4RmbZLmmPdEaXZc5H2FXmDg==",
      "optional": true,
      "dependencies": {
        "tslib": "^2.4.0"
      }
    },
    "node_modules/@emnapi/wasi-threads": {
      "version": "1.1.0",
      "resolved": "https://registry.npmjs.org/@emnapi/wasi-threads/-/wasi-threads-1.1.0.tgz",
      "integrity": "sha512-WI0DdZ8xFSbgMjR1sFsKABJ/C5OnRrjT06JXbZKexJGrDuPTzZdDYfFlsgcCXCyf+suG5QU2e/y1Wo2V/OapLQ==",
      "optional": true,
      "dependencies": {
        "tslib": "^2.4.0"
      }
    },
    "node_modules/@napi-rs/wasm-runtime": {
      "version": "1.1.1",
      "resolved": "https://registry.npmjs.org/@napi-rs/wasm-runtime/-/wasm-runtime-1.1.1.tgz",
      "integrity": "sha512-p64ah1M1ld8xjWv3qbvFwHiFVWrq1yFvV4f7w+mzaqiR4IlSgkqhcRdHwsGgomwzBH51sRY4NEowLxnaBjcW/A==",
      "optional": true,
      "dependencies": {
        "@emnapi/core": "^1.7.1",
        "@emnapi/runtime": "^1.7.1",
        "@tybys/wasm-util": "^0.10.1"
      },
      "funding": {
        "type": "github",
        "url": "https://github.com/sponsors/Brooooooklyn"
      }
    },
    "node_modules/@sapphire/async-queue": {
      "version": "1.5.5",
      "resolved": "https://registry.npmjs.org/@sapphire/async-queue/-/async-queue-1.5.5.tgz",
      "integrity": "sha512-cvGzxbba6sav2zZkH8GPf2oGk9yYoD5qrNWdu9fRehifgnFZJMV+nuy2nON2roRO4yQQ+v7MK/Pktl/HgfsUXg==",
      "license": "MIT",
      "engines": {
        "node": ">=v14.0.0",
        "npm": ">=7.0.0"
      }
    },
    "node_modules/@sapphire/shapeshift": {
      "version": "4.0.0",
      "resolved": "https://registry.npmjs.org/@sapphire/shapeshift/-/shapeshift-4.0.0.tgz",
      "integrity": "sha512-d9dUmWVA7MMiKobL3VpLF8P2aeanRTu6ypG2OIaEv/ZHH/SUQ2iHOVyi5wAPjQ+HmnMuL0whK9ez8I/raWbtIg==",
      "dependencies": {
        "fast-deep-equal": "^3.1.3",
        "lodash": "^4.17.21"
      },
      "engines": {
        "node": ">=v16"
      }
    },
    "node_modules/@sapphire/snowflake": {
      "version": "3.5.5",
      "resolved": "https://registry.npmjs.org/@sapphire/snowflake/-/snowflake-3.5.5.tgz",
      "integrity": "sha512-xzvBr1Q1c4lCe7i6sRnrofxeO1QTP/LKQ6A6qy0iB4x5yfiSfARMEQEghojzTNALDTcv8En04qYNIco9/K9eZQ==",
      "engines": {
        "node": ">=v14.0.0",
        "npm": ">=7.0.0"
      }
    },
    "node_modules/@snazzah/davey": {
      "version": "0.1.10",
      "resolved": "https://registry.npmjs.org/@snazzah/davey/-/davey-0.1.10.tgz",
      "integrity": "sha512-J5f7vV5/tnj0xGnqufFRd6qiWn3FcR3iXjpjpEmO2Ok+Io0AASkMaZ3I39TsL45as0Qo5bq9wWuamFQ77PjJ+g==",
      "engines": {
        "node": ">= 10"
      },
      "funding": {
        "url": "https://github.com/sponsors/Snazzah"
      },
      "optionalDependencies": {
        "@snazzah/davey-android-arm-eabi": "0.1.10",
        "@snazzah/davey-android-arm64": "0.1.10",
        "@snazzah/davey-darwin-arm64": "0.1.10",
        "@snazzah/davey-darwin-x64": "0.1.10",
        "@snazzah/davey-freebsd-x64": "0.1.10",
        "@snazzah/davey-linux-arm-gnueabihf": "0.1.10",
        "@snazzah/davey-linux-arm64-gnu": "0.1.10",
        "@snazzah/davey-linux-arm64-musl": "0.1.10",
        "@snazzah/davey-linux-x64-gnu": "0.1.10",
        "@snazzah/davey-linux-x64-musl": "0.1.10",
        "@snazzah/davey-wasm32-wasi": "0.1.10",
        "@snazzah/davey-win32-arm64-msvc": "0.1.10",
        "@snazzah/davey-win32-ia32-msvc": "0.1.10",
        "@snazzah/davey-win32-x64-msvc": "0.1.10"
      }
    },
    "node_modules/@snazzah/davey-android-arm-eabi": {
      "version": "0.1.10",
      "resolved": "https://registry.npmjs.org/@snazzah/davey-android-arm-eabi/-/davey-android-arm-eabi-0.1.10.tgz",
      "integrity": "sha512-7bwHxSNEI2wVXOT6xnmpnO9SHb2xwAnf9oEdL45dlfVHTgU1Okg5rwGwRvZ2aLVFFbTyecfC8EVZyhpyTkjLSw==",
      "cpu": [
        "arm"
      ],
      "optional": true,
      "os": [
        "android"
      ],
      "engines": {
        "node": ">= 10"
      }
    },
    "node_modules/@snazzah/davey-android-arm64": {
      "version": "0.1.10",
      "resolved": "https://registry.npmjs.org/@snazzah/davey-android-arm64/-/davey-android-arm64-0.1.10.tgz",
      "integrity": "sha512-68WUf2LQwQTP9MgPcCqTWwJztJSIk0keGfF2Y/b+MihSDh29fYJl7C0rbz69aUrVCvCC2lYkB/46P8X1kBz7yg==",
      "cpu": [
        "arm64"
      ],
      "optional": true,
      "os": [
        "android"
      ],
      "engines": {
        "node": ">= 10"
      }
    },
    "node_modules/@snazzah/davey-darwin-arm64": {
      "version": "0.1.10",
      "resolved": "https://registry.npmjs.org/@snazzah/davey-darwin-arm64/-/davey-darwin-arm64-0.1.10.tgz",
      "integrity": "sha512-nYC+DWCGUC1jUGEenCNQE/jJpL/02m0ebY/NvTCQbul5ktI/ShVzgA3kzssEhZvhf6jbH048Rs39wDhp/b24Jg==",
      "cpu": [
        "arm64"
      ],
      "optional": true,
      "os": [
        "darwin"
      ],
      "engines": {
        "node": ">= 10"
      }
    },
    "node_modules/@snazzah/davey-darwin-x64": {
      "version": "0.1.10",
      "resolved": "https://registry.npmjs.org/@snazzah/davey-darwin-x64/-/davey-darwin-x64-0.1.10.tgz",
      "integrity": "sha512-0q5Rrcs+O9sSSnPX+A3R3djEQs2nTAtMe5N3lApO6lZas/QNMl6wkEWCvTbDc2cfAYBMSk2jgc1awlRXi4LX3Q==",
      "cpu": [
        "x64"
      ],
      "optional": true,
      "os": [
        "darwin"
      ],
      "engines": {
        "node": ">= 10"
      }
    },
    "node_modules/@snazzah/davey-freebsd-x64": {
      "version": "0.1.10",
      "resolved": "https://registry.npmjs.org/@snazzah/davey-freebsd-x64/-/davey-freebsd-x64-0.1.10.tgz",
      "integrity": "sha512-/Gq5YDD6Oz8iBqVJLswUnetCv9JCRo1quYX5ujzpAG8zPCNItZo4g4h5p9C+h4Yoay2quWBYhoaVqQKT96bm8g==",
      "cpu": [
        "x64"
      ],
      "optional": true,
      "os": [
        "freebsd"
      ],
      "engines": {
        "node": ">= 10"
      }
    },
    "node_modules/@snazzah/davey-linux-arm-gnueabihf": {
      "version": "0.1.10",
      "resolved": "https://registry.npmjs.org/@snazzah/davey-linux-arm-gnueabihf/-/davey-linux-arm-gnueabihf-0.1.10.tgz",
      "integrity": "sha512-0Z7Vrt0WIbgxws9CeHB9qlueYJlvltI44rUuZmysdi70UcHGxlr7nE3MnzYCr9nRWRegohn8EQPWHMKMDJH2GA==",
      "cpu": [
        "arm"
      ],
      "optional": true,
      "os": [
        "linux"
      ],
      "engines": {
        "node": ">= 10"
      }
    },
    "node_modules/@snazzah/davey-linux-arm64-gnu": {
      "version": "0.1.10",
      "resolved": "https://registry.npmjs.org/@snazzah/davey-linux-arm64-gnu/-/davey-linux-arm64-gnu-0.1.10.tgz",
      "integrity": "sha512-xhZQycn4QB+qXhqm/QmZ+kb9MHMXcbjjoPfvcIL4WMQXFG/zUWHW8EiBk7ZTEGMOpeab3F9D1+MlgumglYByUQ==",
      "cpu": [
        "arm64"
      ],
      "optional": true,
      "os": [
        "linux"
      ],
      "engines": {
        "node": ">= 10"
      }
    },
    "node_modules/@snazzah/davey-linux-arm64-musl": {
      "version": "0.1.10",
      "resolved": "https://registry.npmjs.org/@snazzah/davey-linux-arm64-musl/-/davey-linux-arm64-musl-0.1.10.tgz",
      "integrity": "sha512-pudzQCP9rZItwW4qHHvciMwtNd9kWH4l73g6Id1LRpe6sc8jiFBV7W+YXITj2PZbI0by6XPfkRP6Dk5IkGOuAw==",
      "cpu": [
        "arm64"
      ],
      "optional": true,
      "os": [
        "linux"
      ],
      "engines": {
        "node": ">= 10"
      }
    },
    "node_modules/@snazzah/davey-linux-x64-gnu": {
      "version": "0.1.10",
      "resolved": "https://registry.npmjs.org/@snazzah/davey-linux-x64-gnu/-/davey-linux-x64-gnu-0.1.10.tgz",
      "integrity": "sha512-DC8qRmk+xJEFNqjxKB46cETKeDQqgUqE5p39KXS2k6Vl/XTi8pw8pXOxrPfYte5neoqlWAVQzbxuLnwpyRJVEQ==",
      "cpu": [
        "x64"
      ],
      "optional": true,
      "os": [
        "linux"
      ],
      "engines": {
        "node": ">= 10"
      }
    },
    "node_modules/@snazzah/davey-linux-x64-musl": {
      "version": "0.1.10",
      "resolved": "https://registry.npmjs.org/@snazzah/davey-linux-x64-musl/-/davey-linux-x64-musl-0.1.10.tgz",
      "integrity": "sha512-wPR5/2QmsF7sR0WUaCwbk4XI3TLcxK9PVK8mhgcAYyuRpbhcVgNGWXs8ulcyMSXve5pFRJAFAuMTGCEb014peg==",
      "cpu": [
        "x64"
      ],
      "optional": true,
      "os": [
        "linux"
      ],
      "engines": {
        "node": ">= 10"
      }
    },
    "node_modules/@snazzah/davey-wasm32-wasi": {
      "version": "0.1.10",
      "resolved": "https://registry.npmjs.org/@snazzah/davey-wasm32-wasi/-/davey-wasm32-wasi-0.1.10.tgz",
      "integrity": "sha512-SfQavU+eKTDbRmPeLRodrVSfsWq25PYTmH1nIZW3B27L6IkijzjXZZuxiU1ZG1gdI5fB7mwXrOTtx34t+vAG7Q==",
      "cpu": [
        "wasm32"
      ],
      "optional": true,
      "dependencies": {
        "@napi-rs/wasm-runtime": "^1.1.1"
      },
      "engines": {
        "node": ">=14.0.0"
      }
    },
    "node_modules/@snazzah/davey-win32-arm64-msvc": {
      "version": "0.1.10",
      "resolved": "https://registry.npmjs.org/@snazzah/davey-win32-arm64-msvc/-/davey-win32-arm64-msvc-0.1.10.tgz",
      "integrity": "sha512-Raafk53smYs67wZCY9bQXHXzbaiRMS5QCdjTdin3D9fF5A06T/0Zv1z7/YnaN+O3GSL/Ou3RvynF7SziToYiFQ==",
      "cpu": [
        "arm64"
      ],
      "optional": true,
      "os": [
        "win32"
      ],
      "engines": {
        "node": ">= 10"
      }
    },
    "node_modules/@snazzah/davey-win32-ia32-msvc": {
      "version": "0.1.10",
      "resolved": "https://registry.npmjs.org/@snazzah/davey-win32-ia32-msvc/-/davey-win32-ia32-msvc-0.1.10.tgz",
      "integrity": "sha512-pAs43l/DiZ+icqBwxIwNePzuYxFM1ZblVuf7t6vwwSLxvova7vnREnU7qDVjbc5/YTUHOsqYy3S6TpZMzDo2lw==",
      "cpu": [
        "ia32"
      ],
      "optional": true,
      "os": [
        "win32"
      ],
      "engines": {
        "node": ">= 10"
      }
    },
    "node_modules/@snazzah/davey-win32-x64-msvc": {
      "version": "0.1.10",
      "resolved": "https://registry.npmjs.org/@snazzah/davey-win32-x64-msvc/-/davey-win32-x64-msvc-0.1.10.tgz",
      "integrity": "sha512-kr6148VVBoUT4CtD+5hYshTFRny7R/xQZxXFhFc0fYjtmdMVM8Px9M91olg1JFNxuNzdfMfTufR58Q3wfBocug==",
      "cpu": [
        "x64"
      ],
      "optional": true,
      "os": [
        "win32"
      ],
      "engines": {
        "node": ">= 10"
      }
    },
    "node_modules/@tybys/wasm-util": {
      "version": "0.10.1",
      "resolved": "https://registry.npmjs.org/@tybys/wasm-util/-/wasm-util-0.10.1.tgz",
      "integrity": "sha512-9tTaPJLSiejZKx+Bmog4uSubteqTvFrVrURwkmHixBo0G4seD0zUxp98E1DzUBJxLQ3NPwXrGKDiVjwx/DpPsg==",
      "optional": true,
      "dependencies": {
        "tslib": "^2.4.0"
      }
    },
    "node_modules/@types/node": {
      "version": "24.3.0",
      "resolved": "https://registry.npmjs.org/@types/node/-/node-24.3.0.tgz",
      "integrity": "sha512-aPTXCrfwnDLj4VvXrm+UUCQjNEvJgNA8s5F1cvwQU+3KNltTOkBm1j30uNLyqqPNe7gE3KFzImYoZEfLhp4Yow==",
      "license": "MIT",
      "dependencies": {
        "undici-types": "~7.10.0"
      }
    },
    "node_modules/@types/ws": {
      "version": "8.18.1",
      "resolved": "https://registry.npmjs.org/@types/ws/-/ws-8.18.1.tgz",
      "integrity": "sha512-ThVF6DCVhA8kUGy+aazFQ4kXQ7E1Ty7A3ypFOe0IcJV8O/M511G99AW24irKrW56Wt44yG9+ij8FaqoBGkuBXg==",
      "license": "MIT",
      "dependencies": {
        "@types/node": "*"
      }
    },
    "node_modules/@vladfrangu/async_event_emitter": {
      "version": "2.4.6",
      "resolved": "https://registry.npmjs.org/@vladfrangu/async_event_emitter/-/async_event_emitter-2.4.6.tgz",
      "integrity": "sha512-RaI5qZo6D2CVS6sTHFKg1v5Ohq/+Bo2LZ5gzUEwZ/WkHhwtGTCB/sVLw8ijOkAUxasZ+WshN/Rzj4ywsABJ5ZA==",
      "license": "MIT",
      "engines": {
        "node": ">=v14.0.0",
        "npm": ">=7.0.0"
      }
    },
    "node_modules/better-sqlite3": {
      "version": "13.0.2",
      "resolved": "https://registry.npmjs.org/better-sqlite3/-/better-sqlite3-13.0.2.tgz",
      "integrity": "sha512-jW6oufeDhXZaiX9Lw5A+oerVClx4iFrI6uDj1zu7SqUAjak9vbJvA0NEcKLNxHiQHb6kYCoFzzXYV0YOauhV3g==",
      "dependencies": {
        "node-addon-api": "^8.0.0"
      },
      "engines": {
        "node": ">=22"
      }
    },
    "node_modules/discord-api-types": {
      "version": "0.38.49",
      "resolved": "https://registry.npmjs.org/discord-api-types/-/discord-api-types-0.38.49.tgz",
      "integrity": "sha512-XnqcWmnFZFAE8ZM8SHAw9DIV8D3Or00rMQ8iQLotrEA2PmXhl+ykaf6L6q4l474hrSUH1JaYcv+iOMRWp2p6Tg=="
    },
    "node_modules/discord.js": {
      "version": "14.27.0",
      "resolved": "https://registry.npmjs.org/discord.js/-/discord.js-14.27.0.tgz",
      "integrity": "sha512-qHbFlFG2N7y3LjPySYsL6A1+BnX6bkTVgo842EX0CqVPk/KTMwZkojPHEXKsQUpWZNyz5BISNHK1cPpQw0+m4A==",
      "dependencies": {
        "@discordjs/builders": "^1.14.1",
        "@discordjs/collection": "1.5.3",
        "@discordjs/formatters": "^0.6.2",
        "@discordjs/rest": "^2.6.2",
        "@discordjs/util": "^1.2.0",
        "@discordjs/ws": "^1.2.3",
        "@sapphire/snowflake": "3.5.5",
        "discord-api-types": "^0.38.49",
        "fast-deep-equal": "3.1.3",
        "lodash.snakecase": "4.1.1",
        "magic-bytes.js": "^1.13.0",
        "tslib": "^2.6.3",
        "undici": "^6.27.0"
      },
      "engines": {
        "node": ">=18"
      },
      "funding": {
        "url": "https://github.com/discordjs/discord.js?sponsor"
      }
    },
    "node_modules/fast-deep-equal": {
      "version": "3.1.3",
      "resolved": "https://registry.npmjs.org/fast-deep-equal/-/fast-deep-equal-3.1.3.tgz",
      "integrity": "sha512-f3qQ9oQy9j2AhBe/H9VC91wLmKBCCU/gDOnKNAYG5hswO7BLKj09Hc5HYNz9cGI++xlpDCIgDaitVs03ATR84Q=="
    },
    "node_modules/lodash": {
      "version": "4.18.1",
      "resolved": "https://registry.npmjs.org/lodash/-/lodash-4.18.1.tgz",
      "integrity": "sha512-dMInicTPVE8d1e5otfwmmjlxkZoUpiVLwyeTdUsi/Caj/gfzzblBcCE5sRHV/AsjuCmxWrte2TNGSYuCeCq+0Q=="
    },
    "node_modules/lodash.snakecase": {
      "version": "4.1.1",
      "resolved": "https://registry.npmjs.org/lodash.snakecase/-/lodash.snakecase-4.1.1.tgz",
      "integrity": "sha512-QZ1d4xoBHYUeuouhEq3lk3Uq7ldgyFXGBhg04+oRLnIz8o9T65Eh+8YdroUwn846zchkA9yDsDl5CVVaV2nqYw=="
    },
    "node_modules/magic-bytes.js": {
      "version": "1.13.0",
      "resolved": "https://registry.npmjs.org/magic-bytes.js/-/magic-bytes.js-1.13.0.tgz",
      "integrity": "sha512-afO2mnxW7GDTXMm5/AoN1WuOcdoKhtgXjIvHmobqTD1grNplhGdv3PFOyjCVmrnOZBIT/gD/koDKpYG+0mvHcg=="
    },
    "node_modules/node-addon-api": {
      "version": "8.9.1",
      "resolved": "https://registry.npmjs.org/node-addon-api/-/node-addon-api-8.9.1.tgz",
      "integrity": "sha512-4eUQWVPCUUUiBjLnHS3cXWeC6ryoPUc0U3rP7IuzapoGbzMqd/r6KKO0clr0b+snQhsrueFEhCZDdK+LK7hxKg==",
      "engines": {
        "node": "^18 || ^20 || >= 21"
      }
    },
    "node_modules/prism-media": {
      "version": "1.3.5",
      "resolved": "https://registry.npmjs.org/prism-media/-/prism-media-1.3.5.tgz",
      "integrity": "sha512-IQdl0Q01m4LrkN1EGIE9lphov5Hy7WWlH6ulf5QdGePLlPas9p2mhgddTEHrlaXYjjFToM1/rWuwF37VF4taaA==",
      "peerDependencies": {
        "@discordjs/opus": ">=0.8.0 <1.0.0",
        "ffmpeg-static": "^5.0.2 || ^4.2.7 || ^3.0.0 || ^2.4.0",
        "node-opus": "^0.3.3",
        "opusscript": "^0.0.8"
      },
      "peerDependenciesMeta": {
        "@discordjs/opus": {
          "optional": true
        },
        "ffmpeg-static": {
          "optional": true
        },
        "node-opus": {
          "optional": true
        },
        "opusscript": {
          "optional": true
        }
      }
    },
    "node_modules/ts-mixer": {
      "version": "6.0.4",
      "resolved": "https://registry.npmjs.org/ts-mixer/-/ts-mixer-6.0.4.tgz",
      "integrity": "sha512-ufKpbmrugz5Aou4wcr5Wc1UUFWOLhq+Fm6qa6P0w0K5Qw2yhaUoiWszhCVuNQyNwrlGiscHOmqYoAox1PtvgjA=="
    },
    "node_modules/tslib": {
      "version": "2.8.1",
      "resolved": "https://registry.npmjs.org/tslib/-/tslib-2.8.1.tgz",
      "integrity": "sha512-oJFu94HQb+KVduSUQL7wnpmqnfmLsOA/nAh6b6EH0wCEoK0/mPeXU6c3wKDV83MkOuHPRHtSXKKU99IBazS/2w==",
      "license": "0BSD"
    },
    "node_modules/undici": {
      "version": "6.27.0",
      "resolved": "https://registry.npmjs.org/undici/-/undici-6.27.0.tgz",
      "integrity": "sha512-YmfV3YnEDzXRC5lZ2jWtWWHKGUm1zIt8AhesR1tens+HTNv+YZlN/dp6G727LOvMJ8xjP9Be7Y2Sdr96LDm+pg==",
      "engines": {
        "node": ">=18.17"
      }
    },
    "node_modules/undici-types": {
      "version": "7.10.0",
      "resolved": "https://registry.npmjs.org/undici-types/-/undici-types-7.10.0.tgz",
      "integrity": "sha512-t5Fy/nfn+14LuOc2KNYg75vZqClpAiqscVvMygNnlsHBFpSXdJaYtXMcdNLpl/Qvc3P2cB3s6lOV51nqsFq4ag==",
      "license": "MIT"
    },
    "node_modules/ws": {
      "version": "8.21.0",
      "resolved": "https://registry.npmjs.org/ws/-/ws-8.21.0.tgz",
      "integrity": "sha512-Vsp28b7DRcimFQvrqu2Wek3z1iYxDCWqHYB8Qsnk/S4RfaCQzPGPyBNuVjJV3cd6UiKtUtp6sNM77gWvzcCH+g==",
      "engines": {
        "node": ">=10.0.0"
      },
      "peerDependencies": {
        "bufferutil": "^4.0.1",
        "utf-8-validate": ">=5.0.2"
      },
      "peerDependenciesMeta": {
        "bufferutil": {
          "optional": true
        },
        "utf-8-validate": {
          "optional": true
        }
      }
    }
  },
  "dependencies": {
    "@discordjs/builders": {
      "version": "1.14.1",
      "resolved": "https://registry.npmjs.org/@discordjs/builders/-/builders-1.14.1.tgz",
      "integrity": "sha512-gSKkhXLqs96TCzk66VZuHHl8z2bQMJFGwrXC0f33ngK+FLNau4hU1PYny3DNJfNdSH+gVMzE85/d5FQ2BpcNwQ==",
      "requires": {
        "@discordjs/formatters": "^0.6.2",
        "@discordjs/util": "^1.2.0",
        "@sapphire/shapeshift": "^4.0.0",
        "discord-api-types": "^0.38.40",
        "fast-deep-equal": "^3.1.3",
        "ts-mixer": "^6.0.4",
        "tslib": "^2.6.3"
      }
    },
    "@discordjs/collection": {
      "version": "1.5.3",
      "resolved": "https://registry.npmjs.org/@discordjs/collection/-/collection-1.5.3.tgz",
      "integrity": "sha512-SVb428OMd3WO1paV3rm6tSjM4wC+Kecaa1EUGX7vc6/fddvw/6lg90z4QtCqm21zvVe92vMMDt9+DkIvjXImQQ=="
    },
    "@discordjs/formatters": {
      "version": "0.6.2",
      "resolved": "https://registry.npmjs.org/@discordjs/formatters/-/formatters-0.6.2.tgz",
      "integrity": "sha512-y4UPwWhH6vChKRkGdMB4odasUbHOUwy7KL+OVwF86PvT6QVOwElx+TiI1/6kcmcEe+g5YRXJFiXSXUdabqZOvQ==",
      "requires": {
        "discord-api-types": "^0.38.33"
      }
    },
    "@discordjs/rest": {
      "version": "2.6.2",
      "resolved": "https://registry.npmjs.org/@discordjs/rest/-/rest-2.6.2.tgz",
      "integrity": "sha512-c5HI3hJuRWWrnpyCZAUYfIUTAEv9weX4tE2UfDqtM3ztizdKE9RFEf3G5IWhPyO+kPldUDpGv02XJAQzdUTC9Q==",
      "requires": {
        "@discordjs/collection": "^2.1.1",
        "@discordjs/util": "^1.2.0",
        "@sapphire/async-queue": "^1.5.3",
        "@sapphire/snowflake": "^3.5.5",
        "@vladfrangu/async_event_emitter": "^2.4.6",
        "discord-api-types": "^0.38.49",
        "magic-bytes.js": "^1.13.0",
        "tslib": "^2.6.3",
        "undici": "^6.27.0"
      },
      "dependencies": {
        "@discordjs/collection": {
          "version": "2.1.1",
          "resolved": "https://registry.npmjs.org/@discordjs/collection/-/collection-2.1.1.tgz",
          "integrity": "sha512-LiSusze9Tc7qF03sLCujF5iZp7K+vRNEDBZ86FT9aQAv3vxMLihUvKvpsCWiQ2DJq1tVckopKm1rxomgNUc9hg=="
        }
      }
    },
    "@discordjs/util": {
      "version": "1.2.0",
      "resolved": "https://registry.npmjs.org/@discordjs/util/-/util-1.2.0.tgz",
      "integrity": "sha512-3LKP7F2+atl9vJFhaBjn4nOaSWahZ/yWjOvA4e5pnXkt2qyXRCHLxoBQy81GFtLGCq7K9lPm9R517M1U+/90Qg==",
      "requires": {
        "discord-api-types": "^0.38.33"
      }
    },
    "@discordjs/voice": {
      "version": "0.19.2",
      "resolved": "https://registry.npmjs.org/@discordjs/voice/-/voice-0.19.2.tgz",
      "integrity": "sha512-3yJ255e4ag3wfZu/DSxeOZK1UtnqNxnspmLaQetGT0pDkThNZoHs+Zg6dgZZ19JEVomXygvfHn9lNpICZuYtEA==",
      "requires": {
        "@snazzah/davey": "^0.1.9",
        "@types/ws": "^8.18.1",
        "discord-api-types": "^0.38.41",
        "prism-media": "^1.3.5",
        "tslib": "^2.8.1",
        "ws": "^8.19.0"
      }
    },
    "@discordjs/ws": {
      "version": "1.2.3",
      "resolved": "https://registry.npmjs.org/@discordjs/ws/-/ws-1.2.3.tgz",
      "integrity": "sha512-wPlQDxEmlDg5IxhJPuxXr3Vy9AjYq5xCvFWGJyD7w7Np8ZGu+Mc+97LCoEc/+AYCo2IDpKioiH0/c/mj5ZR9Uw==",
      "requires": {
        "@discordjs/collection": "^2.1.0",
        "@discordjs/rest": "^2.5.1",
        "@discordjs/util": "^1.1.0",
        "@sapphire/async-queue": "^1.5.2",
        "@types/ws": "^8.5.10",
        "@vladfrangu/async_event_emitter": "^2.2.4",
        "discord-api-types": "^0.38.1",
        "tslib": "^2.6.2",
        "ws": "^8.17.0"
      },
      "dependencies": {
        "@discordjs/collection": {
          "version": "2.1.1",
          "resolved": "https://registry.npmjs.org/@discordjs/collection/-/collection-2.1.1.tgz",
          "integrity": "sha512-LiSusze9Tc7qF03sLCujF5iZp7K+vRNEDBZ86FT9aQAv3vxMLihUvKvpsCWiQ2DJq1tVckopKm1rxomgNUc9hg=="
        }
      }
    },
    "@emnapi/core": {
      "version": "1.8.1",
      "resolved": "https://registry.npmjs.org/@emnapi/core/-/core-1.8.1.tgz",
      "integrity": "sha512-AvT9QFpxK0Zd8J0jopedNm+w/2fIzvtPKPjqyw9jwvBaReTTqPBk9Hixaz7KbjimP+QNz605/XnjFcDAL2pqBg==",
      "optional": true,
      "requires": {
        "@emnapi/wasi-threads": "1.1.0",
        "tslib": "^2.4.0"
      }
    },
    "@emnapi/runtime": {
      "version": "1.8.1",
      "resolved": "https://registry.npmjs.org/@emnapi/runtime/-/runtime-1.8.1.tgz",
      "integrity": "sha512-mehfKSMWjjNol8659Z8KxEMrdSJDDot5SXMq00dM8BN4o+CLNXQ0xH2V7EchNHV4RmbZLmmPdEaXZc5H2FXmDg==",
      "optional": true,
      "requires": {
        "tslib": "^2.4.0"
      }
    },
    "@emnapi/wasi-threads": {
      "version": "1.1.0",
      "resolved": "https://registry.npmjs.org/@emnapi/wasi-threads/-/wasi-threads-1.1.0.tgz",
      "integrity": "sha512-WI0DdZ8xFSbgMjR1sFsKABJ/C5OnRrjT06JXbZKexJGrDuPTzZdDYfFlsgcCXCyf+suG5QU2e/y1Wo2V/OapLQ==",
      "optional": true,
      "requires": {
        "tslib": "^2.4.0"
      }
    },
    "@napi-rs/wasm-runtime": {
      "version": "1.1.1",
      "resolved": "https://registry.npmjs.org/@napi-rs/wasm-runtime/-/wasm-runtime-1.1.1.tgz",
      "integrity": "sha512-p64ah1M1ld8xjWv3qbvFwHiFVWrq1yFvV4f7w+mzaqiR4IlSgkqhcRdHwsGgomwzBH51sRY4NEowLxnaBjcW/A==",
      "optional": true,
      "requires": {
        "@emnapi/core": "^1.7.1",
        "@emnapi/runtime": "^1.7.1",
        "@tybys/wasm-util": "^0.10.1"
      }
    },
    "@sapphire/async-queue": {
      "version": "1.5.5",
      "resolved": "https://registry.npmjs.org/@sapphire/async-queue/-/async-queue-1.5.5.tgz",
      "integrity": "sha512-cvGzxbba6sav2zZkH8GPf2oGk9yYoD5qrNWdu9fRehifgnFZJMV+nuy2nON2roRO4yQQ+v7MK/Pktl/HgfsUXg=="
    },
    "@sapphire/shapeshift": {
      "version": "4.0.0",
      "resolved": "https://registry.npmjs.org/@sapphire/shapeshift/-/shapeshift-4.0.0.tgz",
      "integrity": "sha512-d9dUmWVA7MMiKobL3VpLF8P2aeanRTu6ypG2OIaEv/ZHH/SUQ2iHOVyi5wAPjQ+HmnMuL0whK9ez8I/raWbtIg==",
      "requires": {
        "fast-deep-equal": "^3.1.3",
        "lodash": "^4.17.21"
      }
    },
    "@sapphire/snowflake": {
      "version": "3.5.5",
      "resolved": "https://registry.npmjs.org/@sapphire/snowflake/-/snowflake-3.5.5.tgz",
      "integrity": "sha512-xzvBr1Q1c4lCe7i6sRnrofxeO1QTP/LKQ6A6qy0iB4x5yfiSfARMEQEghojzTNALDTcv8En04qYNIco9/K9eZQ=="
    },
    "@snazzah/davey": {
      "version": "0.1.10",
      "resolved": "https://registry.npmjs.org/@snazzah/davey/-/davey-0.1.10.tgz",
      "integrity": "sha512-J5f7vV5/tnj0xGnqufFRd6qiWn3FcR3iXjpjpEmO2Ok+Io0AASkMaZ3I39TsL45as0Qo5bq9wWuamFQ77PjJ+g==",
      "requires": {
        "@snazzah/davey-android-arm-eabi": "0.1.10",
        "@snazzah/davey-android-arm64": "0.1.10",
        "@snazzah/davey-darwin-arm64": "0.1.10",
        "@snazzah/davey-darwin-x64": "0.1.10",
        "@snazzah/davey-freebsd-x64": "0.1.10",
        "@snazzah/davey-linux-arm-gnueabihf": "0.1.10",
        "@snazzah/davey-linux-arm64-gnu": "0.1.10",
        "@snazzah/davey-linux-arm64-musl": "0.1.10",
        "@snazzah/davey-linux-x64-gnu": "0.1.10",
        "@snazzah/davey-linux-x64-musl": "0.1.10",
        "@snazzah/davey-wasm32-wasi": "0.1.10",
        "@snazzah/davey-win32-arm64-msvc": "0.1.10",
        "@snazzah/davey-win32-ia32-msvc": "0.1.10",
        "@snazzah/davey-win32-x64-msvc": "0.1.10"
      }
    },
    "@snazzah/davey-android-arm-eabi": {
      "version": "0.1.10",
      "resolved": "https://registry.npmjs.org/@snazzah/davey-android-arm-eabi/-/davey-android-arm-eabi-0.1.10.tgz",
      "integrity": "sha512-7bwHxSNEI2wVXOT6xnmpnO9SHb2xwAnf9oEdL45dlfVHTgU1Okg5rwGwRvZ2aLVFFbTyecfC8EVZyhpyTkjLSw==",
      "optional": true
    },
    "@snazzah/davey-android-arm64": {
      "version": "0.1.10",
      "resolved": "https://registry.npmjs.org/@snazzah/davey-android-arm64/-/davey-android-arm64-0.1.10.tgz",
      "integrity": "sha512-68WUf2LQwQTP9MgPcCqTWwJztJSIk0keGfF2Y/b+MihSDh29fYJl7C0rbz69aUrVCvCC2lYkB/46P8X1kBz7yg==",
      "optional": true
    },
    "@snazzah/davey-darwin-arm64": {
      "version": "0.1.10",
      "resolved": "https://registry.npmjs.org/@snazzah/davey-darwin-arm64/-/davey-darwin-arm64-0.1.10.tgz",
      "integrity": "sha512-nYC+DWCGUC1jUGEenCNQE/jJpL/02m0ebY/NvTCQbul5ktI/ShVzgA3kzssEhZvhf6jbH048Rs39wDhp/b24Jg==",
      "optional": true
    },
    "@snazzah/davey-darwin-x64": {
      "version": "0.1.10",
      "resolved": "https://registry.npmjs.org/@snazzah/davey-darwin-x64/-/davey-darwin-x64-0.1.10.tgz",
      "integrity": "sha512-0q5Rrcs+O9sSSnPX+A3R3djEQs2nTAtMe5N3lApO6lZas/QNMl6wkEWCvTbDc2cfAYBMSk2jgc1awlRXi4LX3Q==",
      "optional": true
    },
    "@snazzah/davey-freebsd-x64": {
      "version": "0.1.10",
      "resolved": "https://registry.npmjs.org/@snazzah/davey-freebsd-x64/-/davey-freebsd-x64-0.1.10.tgz",
      "integrity": "sha512-/Gq5YDD6Oz8iBqVJLswUnetCv9JCRo1quYX5ujzpAG8zPCNItZo4g4h5p9C+h4Yoay2quWBYhoaVqQKT96bm8g==",
      "optional": true
    },
    "@snazzah/davey-linux-arm-gnueabihf": {
      "version": "0.1.10",
      "resolved": "https://registry.npmjs.org/@snazzah/davey-linux-arm-gnueabihf/-/davey-linux-arm-gnueabihf-0.1.10.tgz",
      "integrity": "sha512-0Z7Vrt0WIbgxws9CeHB9qlueYJlvltI44rUuZmysdi70UcHGxlr7nE3MnzYCr9nRWRegohn8EQPWHMKMDJH2GA==",
      "optional": true
    },
    "@snazzah/davey-linux-arm64-gnu": {
      "version": "0.1.10",
      "resolved": "https://registry.npmjs.org/@snazzah/davey-linux-arm64-gnu/-/davey-linux-arm64-gnu-0.1.10.tgz",
      "integrity": "sha512-xhZQycn4QB+qXhqm/QmZ+kb9MHMXcbjjoPfvcIL4WMQXFG/zUWHW8EiBk7ZTEGMOpeab3F9D1+MlgumglYByUQ==",
      "optional": true
    },
    "@snazzah/davey-linux-arm64-musl": {
      "version": "0.1.10",
      "resolved": "https://registry.npmjs.org/@snazzah/davey-linux-arm64-musl/-/davey-linux-arm64-musl-0.1.10.tgz",
      "integrity": "sha512-pudzQCP9rZItwW4qHHvciMwtNd9kWH4l73g6Id1LRpe6sc8jiFBV7W+YXITj2PZbI0by6XPfkRP6Dk5IkGOuAw==",
      "optional": true
    },
    "@snazzah/davey-linux-x64-gnu": {
      "version": "0.1.10",
      "resolved": "https://registry.npmjs.org/@snazzah/davey-linux-x64-gnu/-/davey-linux-x64-gnu-0.1.10.tgz",
      "integrity": "sha512-DC8qRmk+xJEFNqjxKB46cETKeDQqgUqE5p39KXS2k6Vl/XTi8pw8pXOxrPfYte5neoqlWAVQzbxuLnwpyRJVEQ==",
      "optional": true
    },
    "@snazzah/davey-linux-x64-musl": {
      "version": "0.1.10",
      "resolved": "https://registry.npmjs.org/@snazzah/davey-linux-x64-musl/-/davey-linux-x64-musl-0.1.10.tgz",
      "integrity": "sha512-wPR5/2QmsF7sR0WUaCwbk4XI3TLcxK9PVK8mhgcAYyuRpbhcVgNGWXs8ulcyMSXve5pFRJAFAuMTGCEb014peg==",
      "optional": true
    },
    "@snazzah/davey-wasm32-wasi": {
      "version": "0.1.10",
      "resolved": "https://registry.npmjs.org/@snazzah/davey-wasm32-wasi/-/davey-wasm32-wasi-0.1.10.tgz",
      "integrity": "sha512-SfQavU+eKTDbRmPeLRodrVSfsWq25PYTmH1nIZW3B27L6IkijzjXZZuxiU1ZG1gdI5fB7mwXrOTtx34t+vAG7Q==",
      "optional": true,
      "requires": {
        "@napi-rs/wasm-runtime": "^1.1.1"
      }
    },
    "@snazzah/davey-win32-arm64-msvc": {
      "version": "0.1.10",
      "resolved": "https://registry.npmjs.org/@snazzah/davey-win32-arm64-msvc/-/davey-win32-arm64-msvc-0.1.10.tgz",
      "integrity": "sha512-Raafk53smYs67wZCY9bQXHXzbaiRMS5QCdjTdin3D9fF5A06T/0Zv1z7/YnaN+O3GSL/Ou3RvynF7SziToYiFQ==",
      "optional": true
    },
    "@snazzah/davey-win32-ia32-msvc": {
      "version": "0.1.10",
      "resolved": "https://registry.npmjs.org/@snazzah/davey-win32-ia32-msvc/-/davey-win32-ia32-msvc-0.1.10.tgz",
      "integrity": "sha512-pAs43l/DiZ+icqBwxIwNePzuYxFM1ZblVuf7t6vwwSLxvova7vnREnU7qDVjbc5/YTUHOsqYy3S6TpZMzDo2lw==",
      "optional": true
    },
    "@snazzah/davey-win32-x64-msvc": {
      "version": "0.1.10",
      "resolved": "https://registry.npmjs.org/@snazzah/davey-win32-x64-msvc/-/davey-win32-x64-msvc-0.1.10.tgz",
      "integrity": "sha512-kr6148VVBoUT4CtD+5hYshTFRny7R/xQZxXFhFc0fYjtmdMVM8Px9M91olg1JFNxuNzdfMfTufR58Q3wfBocug==",
      "optional": true
    },
    "@tybys/wasm-util": {
      "version": "0.10.1",
      "resolved": "https://registry.npmjs.org/@tybys/wasm-util/-/wasm-util-0.10.1.tgz",
      "integrity": "sha512-9tTaPJLSiejZKx+Bmog4uSubteqTvFrVrURwkmHixBo0G4seD0zUxp98E1DzUBJxLQ3NPwXrGKDiVjwx/DpPsg==",
      "optional": true,
      "requires": {
        "tslib": "^2.4.0"
      }
    },
    "@types/node": {
      "version": "24.3.0",
      "resolved": "https://registry.npmjs.org/@types/node/-/node-24.3.0.tgz",
      "integrity": "sha512-aPTXCrfwnDLj4VvXrm+UUCQjNEvJgNA8s5F1cvwQU+3KNltTOkBm1j30uNLyqqPNe7gE3KFzImYoZEfLhp4Yow==",
      "requires": {
        "undici-types": "~7.10.0"
      }
    },
    "@types/ws": {
      "version": "8.18.1",
      "resolved": "https://registry.npmjs.org/@types/ws/-/ws-8.18.1.tgz",
      "integrity": "sha512-ThVF6DCVhA8kUGy+aazFQ4kXQ7E1Ty7A3ypFOe0IcJV8O/M511G99AW24irKrW56Wt44yG9+ij8FaqoBGkuBXg==",
      "requires": {
        "@types/node": "*"
      }
    },
    "@vladfrangu/async_event_emitter": {
      "version": "2.4.6",
      "resolved": "https://registry.npmjs.org/@vladfrangu/async_event_emitter/-/async_event_emitter-2.4.6.tgz",
      "integrity": "sha512-RaI5qZo6D2CVS6sTHFKg1v5Ohq/+Bo2LZ5gzUEwZ/WkHhwtGTCB/sVLw8ijOkAUxasZ+WshN/Rzj4ywsABJ5ZA=="
    },
    "better-sqlite3": {
      "version": "13.0.2",
      "resolved": "https://registry.npmjs.org/better-sqlite3/-/better-sqlite3-13.0.2.tgz",
      "integrity": "sha512-jW6oufeDhXZaiX9Lw5A+oerVClx4iFrI6uDj1zu7SqUAjak9vbJvA0NEcKLNxHiQHb6kYCoFzzXYV0YOauhV3g==",
      "requires": {
        "node-addon-api": "^8.0.0"
      }
    },
    "discord-api-types": {
      "version": "0.38.49",
      "resolved": "https://registry.npmjs.org/discord-api-types/-/discord-api-types-0.38.49.tgz",
      "integrity": "sha512-XnqcWmnFZFAE8ZM8SHAw9DIV8D3Or00rMQ8iQLotrEA2PmXhl+ykaf6L6q4l474hrSUH1JaYcv+iOMRWp2p6Tg=="
    },
    "discord.js": {
      "version": "14.27.0",
      "resolved": "https://registry.npmjs.org/discord.js/-/discord.js-14.27.0.tgz",
      "integrity": "sha512-qHbFlFG2N7y3LjPySYsL6A1+BnX6bkTVgo842EX0CqVPk/KTMwZkojPHEXKsQUpWZNyz5BISNHK1cPpQw0+m4A==",
      "requires": {
        "@discordjs/builders": "^1.14.1",
        "@discordjs/collection": "1.5.3",
        "@discordjs/formatters": "^0.6.2",
        "@discordjs/rest": "^2.6.2",
        "@discordjs/util": "^1.2.0",
        "@discordjs/ws": "^1.2.3",
        "@sapphire/snowflake": "3.5.5",
        "discord-api-types": "^0.38.49",
        "fast-deep-equal": "3.1.3",
        "lodash.snakecase": "4.1.1",
        "magic-bytes.js": "^1.13.0",
        "tslib": "^2.6.3",
        "undici": "^6.27.0"
      }
    },
    "fast-deep-equal": {
      "version": "3.1.3",
      "resolved": "https://registry.npmjs.org/fast-deep-equal/-/fast-deep-equal-3.1.3.tgz",
      "integrity": "sha512-f3qQ9oQy9j2AhBe/H9VC91wLmKBCCU/gDOnKNAYG5hswO7BLKj09Hc5HYNz9cGI++xlpDCIgDaitVs03ATR84Q=="
    },
    "lodash": {
      "version": "4.18.1",
      "resolved": "https://registry.npmjs.org/lodash/-/lodash-4.18.1.tgz",
      "integrity": "sha512-dMInicTPVE8d1e5otfwmmjlxkZoUpiVLwyeTdUsi/Caj/gfzzblBcCE5sRHV/AsjuCmxWrte2TNGSYuCeCq+0Q=="
    },
    "lodash.snakecase": {
      "version": "4.1.1",
      "resolved": "https://registry.npmjs.org/lodash.snakecase/-/lodash.snakecase-4.1.1.tgz",
      "integrity": "sha512-QZ1d4xoBHYUeuouhEq3lk3Uq7ldgyFXGBhg04+oRLnIz8o9T65Eh+8YdroUwn846zchkA9yDsDl5CVVaV2nqYw=="
    },
    "magic-bytes.js": {
      "version": "1.13.0",
      "resolved": "https://registry.npmjs.org/magic-bytes.js/-/magic-bytes.js-1.13.0.tgz",
      "integrity": "sha512-afO2mnxW7GDTXMm5/AoN1WuOcdoKhtgXjIvHmobqTD1grNplhGdv3PFOyjCVmrnOZBIT/gD/koDKpYG+0mvHcg=="
    },
    "node-addon-api": {
      "version": "8.9.1",
      "resolved": "https://registry.npmjs.org/node-addon-api/-/node-addon-api-8.9.1.tgz",
      "integrity": "sha512-4eUQWVPCUUUiBjLnHS3cXWeC6ryoPUc0U3rP7IuzapoGbzMqd/r6KKO0clr0b+snQhsrueFEhCZDdK+LK7hxKg=="
    },
    "prism-media": {
      "version": "1.3.5",
      "resolved": "https://registry.npmjs.org/prism-media/-/prism-media-1.3.5.tgz",
      "integrity": "sha512-IQdl0Q01m4LrkN1EGIE9lphov5Hy7WWlH6ulf5QdGePLlPas9p2mhgddTEHrlaXYjjFToM1/rWuwF37VF4taaA==",
      "requires": {}
    },
    "ts-mixer": {
      "version": "6.0.4",
      "resolved": "https://registry.npmjs.org/ts-mixer/-/ts-mixer-6.0.4.tgz",
      "integrity": "sha512-ufKpbmrugz5Aou4wcr5Wc1UUFWOLhq+Fm6qa6P0w0K5Qw2yhaUoiWszhCVuNQyNwrlGiscHOmqYoAox1PtvgjA=="
    },
    "tslib": {
      "version": "2.8.1",
      "resolved": "https://registry.npmjs.org/tslib/-/tslib-2.8.1.tgz",
      "integrity": "sha512-oJFu94HQb+KVduSUQL7wnpmqnfmLsOA/nAh6b6EH0wCEoK0/mPeXU6c3wKDV83MkOuHPRHtSXKKU99IBazS/2w=="
    },
    "undici": {
      "version": "6.27.0",
      "resolved": "https://registry.npmjs.org/undici/-/undici-6.27.0.tgz",
      "integrity": "sha512-YmfV3YnEDzXRC5lZ2jWtWWHKGUm1zIt8AhesR1tens+HTNv+YZlN/dp6G727LOvMJ8xjP9Be7Y2Sdr96LDm+pg=="
    },
    "undici-types": {
      "version": "7.10.0",
      "resolved": "https://registry.npmjs.org/undici-types/-/undici-types-7.10.0.tgz",
      "integrity": "sha512-t5Fy/nfn+14LuOc2KNYg75vZqClpAiqscVvMygNnlsHBFpSXdJaYtXMcdNLpl/Qvc3P2cB3s6lOV51nqsFq4ag=="
    },
    "ws": {
      "version": "8.21.0",
      "resolved": "https://registry.npmjs.org/ws/-/ws-8.21.0.tgz",
      "integrity": "sha512-Vsp28b7DRcimFQvrqu2Wek3z1iYxDCWqHYB8Qsnk/S4RfaCQzPGPyBNuVjJV3cd6UiKtUtp6sNM77gWvzcCH+g==",
      "requires": {}
    }
  }
}
